
Microsoft Visual Studio Solution File, Format Version 12.00
# Visual Studio Version 16
VisualStudioVersion = 25.0.1705.2
MinimumVisualStudioVersion = 10.0.40219.1
Project("{FAE04EC0-301F-11D3-BF4B-00C04F79EFBC}") = "Centralita Telefonica", "Centralita Telefonica.csproj", "{426FCDC4-5E49-43D2-8647-7B5ACFEF89F1}"
EndProject
Global
	GlobalSection(SolutionConfigurationPlatforms) = preSolution
		Debug|Any CPU = Debug|Any CPU
		Release|Any CPU = Release|Any CPU
	EndGlobalSection
	GlobalSection(ProjectConfigurationPlatforms) = postSolution
		{426FCDC4-5E49-43D2-8647-7B5ACFEF89F1}.Debug|Any CPU.ActiveCfg = Debug|Any CPU
		{426FCDC4-5E49-43D2-8647-7B5ACFEF89F1}.Debug|Any CPU.Build.0 = Debug|Any CPU
		{426FCDC4-5E49-43D2-8647-7B5ACFEF89F1}.Release|Any CPU.ActiveCfg = Release|Any CPU
		{426FCDC4-5E49-43D2-8647-7B5ACFEF89F1}.Release|Any CPU.Build.0 = Release|Any CPU
	EndGlobalSection
	GlobalSection(SolutionProperties) = preSolution
		HideSolutionNode = FALSE
	EndGlobalSection
	GlobalSection(ExtensibilityGlobals) = postSolution
		SolutionGuid = {88B9CEC2-3976-4334-BE56-8B827249A2E1}
	EndGlobalSection
EndGlobal
